
Microsoft Visual Studio Solution File, Format Version 12.00
# Visual Studio 15
VisualStudioVersion = 15.0.28010.0
MinimumVisualStudioVersion = 10.0.40219.1
Project("{FAE04EC0-301F-11D3-BF4B-00C04F79EFBC}") = "Vue", "Vue\Vue.csproj", "{79ADC6E2-6BC2-4472-A8AA-10031535A4BC}"
EndProject
Global
	GlobalSection(SolutionConfigurationPlatforms) = preSolution
		Debug|Any CPU = Debug|Any CPU
		Release|Any CPU = Release|Any CPU
	EndGlobalSection
	GlobalSection(ProjectConfigurationPlatforms) = postSolution
		{79ADC6E2-6BC2-4472-A8AA-10031535A4BC}.Debug|Any CPU.ActiveCfg = Debug|Any CPU
		{79ADC6E2-6BC2-4472-A8AA-10031535A4BC}.Debug|Any CPU.Build.0 = Debug|Any CPU
		{79ADC6E2-6BC2-4472-A8AA-10031535A4BC}.Release|Any CPU.ActiveCfg = Release|Any CPU
		{79ADC6E2-6BC2-4472-A8AA-10031535A4BC}.Release|Any CPU.Build.0 = Release|Any CPU
	EndGlobalSection
	GlobalSection(SolutionProperties) = preSolution
		HideSolutionNode = FALSE
	EndGlobalSection
	GlobalSection(ExtensibilityGlobals) = postSolution
		SolutionGuid = {4473D596-6529-4E0A-9B2F-0D97F8FD6AC9}
	EndGlobalSection
EndGlobal
